// !$*UTF8*$!
{
	archiveVersion = 1;
	classes = {
	};
	objectVersion = 55;
	objects = {

/* Begin PBXBuildFile section */
		C651C18827FCDF5F00643439 /* SpectraToConcApp.swift in Sources */ = {isa = PBXBuildFile; fileRef = C651C18727FCDF5F00643439 /* SpectraToConcApp.swift */; };
		C651C18A27FCDF5F00643439 /* ContentView.swift in Sources */ = {isa = PBXBuildFile; fileRef = C651C18927FCDF5F00643439 /* ContentView.swift */; };
		C651C18C27FCDF6100643439 /* Assets.xcassets in Resources */ = {isa = PBXBuildFile; fileRef = C651C18B27FCDF6100643439 /* Assets.xcassets */; };
		C651C18F27FCDF6100643439 /* Preview Assets.xcassets in Resources */ = {isa = PBXBuildFile; fileRef = C651C18E27FCDF6100643439 /* Preview Assets.xcassets */; };
		C651C19727FCDFA100643439 /* InitialLayoutView.swift in Sources */ = {isa = PBXBuildFile; fileRef = C651C19627FCDFA100643439 /* InitialLayoutView.swift */; };
		C651C19D27FF9BFD00643439 /* DataGraph.framework in Frameworks */ = {isa = PBXBuildFile; fileRef = C651C19C27FF9BFD00643439 /* DataGraph.framework */; };
		C651C19E27FF9BFD00643439 /* DataGraph.framework in Embed Frameworks */ = {isa = PBXBuildFile; fileRef = C651C19C27FF9BFD00643439 /* DataGraph.framework */; settings = {ATTRIBUTES = (CodeSignOnCopy, RemoveHeadersOnCopy, ); }; };
		C651C1A927FFD13300643439 /* DataModel.swift in Sources */ = {isa = PBXBuildFile; fileRef = C651C1A427FFD13300643439 /* DataModel.swift */; };
		C651C1AA27FFD13300643439 /* GraphController.swift in Sources */ = {isa = PBXBuildFile; fileRef = C651C1A527FFD13300643439 /* GraphController.swift */; };
		C651C1AB27FFD13300643439 /* GraphView.swift in Sources */ = {isa = PBXBuildFile; fileRef = C651C1A627FFD13300643439 /* GraphView.swift */; };
		C651C1AC27FFD13300643439 /* GraphViewRepresentable.swift in Sources */ = {isa = PBXBuildFile; fileRef = C651C1A727FFD13300643439 /* GraphViewRepresentable.swift */; };
		C651C1AD27FFD13300643439 /* Basic Script.dgraph in Resources */ = {isa = PBXBuildFile; fileRef = C651C1A827FFD13300643439 /* Basic Script.dgraph */; };
		C69240032804F0C000B94B16 /* Parser.swift in Sources */ = {isa = PBXBuildFile; fileRef = C69240022804F0C000B94B16 /* Parser.swift */; };
		C6924005280529F200B94B16 /* DropFileView.swift in Sources */ = {isa = PBXBuildFile; fileRef = C6924004280529F100B94B16 /* DropFileView.swift */; };
		C692400828052BD100B94B16 /* ViewModel.swift in Sources */ = {isa = PBXBuildFile; fileRef = C692400728052BD100B94B16 /* ViewModel.swift */; };
		C692402B280632EF00B94B16 /* SpectraData.swift in Sources */ = {isa = PBXBuildFile; fileRef = C692402A280632EF00B94B16 /* SpectraData.swift */; };
		C6924092280E73B300B94B16 /* BasicABS.dgraph in Resources */ = {isa = PBXBuildFile; fileRef = C6924091280E73B300B94B16 /* BasicABS.dgraph */; };
		C6E3BBCF2817087300602D6E /* CalDropFileView.swift in Sources */ = {isa = PBXBuildFile; fileRef = C6E3BBCE2817087300602D6E /* CalDropFileView.swift */; };
		C6E3BBD62818FE3C00602D6E /* MaxABSvsConc.dgraph in Resources */ = {isa = PBXBuildFile; fileRef = C6E3BBD52818FE3B00602D6E /* MaxABSvsConc.dgraph */; };
		C6E3BBD82818FE7800602D6E /* ConcGraphController.swift in Sources */ = {isa = PBXBuildFile; fileRef = C6E3BBD72818FE7800602D6E /* ConcGraphController.swift */; };
		C6E3BBDA2819022200602D6E /* ConcGraphViewRepresentable.swift in Sources */ = {isa = PBXBuildFile; fileRef = C6E3BBD92819022200602D6E /* ConcGraphViewRepresentable.swift */; };
		C6E3BBDC281902E700602D6E /* ConcGraphView.swift in Sources */ = {isa = PBXBuildFile; fileRef = C6E3BBDB281902E700602D6E /* ConcGraphView.swift */; };
		C6E3BBEA2819D1DE00602D6E /* UnkGraphController.swift in Sources */ = {isa = PBXBuildFile; fileRef = C6E3BBE72819D1DD00602D6E /* UnkGraphController.swift */; };
		C6E3BBEB2819D1DE00602D6E /* UnkGraphView.swift in Sources */ = {isa = PBXBuildFile; fileRef = C6E3BBE82819D1DD00602D6E /* UnkGraphView.swift */; };
		C6E3BBEC2819D1DE00602D6E /* UnkGraphViewRepresentable.swift in Sources */ = {isa = PBXBuildFile; fileRef = C6E3BBE92819D1DE00602D6E /* UnkGraphViewRepresentable.swift */; };
		C6E3BBEE281A43EF00602D6E /* UnkABS.dgraph in Resources */ = {isa = PBXBuildFile; fileRef = C6E3BBED281A43EF00602D6E /* UnkABS.dgraph */; };
/* End PBXBuildFile section */

/* Begin PBXCopyFilesBuildPhase section */
		C651C19F27FF9BFD00643439 /* Embed Frameworks */ = {
			isa = PBXCopyFilesBuildPhase;
			buildActionMask = 2147483647;
			dstPath = "";
			dstSubfolderSpec = 10;
			files = (
				C651C19E27FF9BFD00643439 /* DataGraph.framework in Embed Frameworks */,
			);
			name = "Embed Frameworks";
			runOnlyForDeploymentPostprocessing = 0;
		};
/* End PBXCopyFilesBuildPhase section */

/* Begin PBXFileReference section */
		C651C18427FCDF5F00643439 /* SpectraToConc.app */ = {isa = PBXFileReference; explicitFileType = wrapper.application; includeInIndex = 0; path = SpectraToConc.app; sourceTree = BUILT_PRODUCTS_DIR; };
		C651C18727FCDF5F00643439 /* SpectraToConcApp.swift */ = {isa = PBXFileReference; lastKnownFileType = sourcecode.swift; path = SpectraToConcApp.swift; sourceTree = "<group>"; };
		C651C18927FCDF5F00643439 /* ContentView.swift */ = {isa = PBXFileReference; lastKnownFileType = sourcecode.swift; path = ContentView.swift; sourceTree = "<group>"; };
		C651C18B27FCDF6100643439 /* Assets.xcassets */ = {isa = PBXFileReference; lastKnownFileType = folder.assetcatalog; path = Assets.xcassets; sourceTree = "<group>"; };
		C651C18E27FCDF6100643439 /* Preview Assets.xcassets */ = {isa = PBXFileReference; lastKnownFileType = folder.assetcatalog; path = "Preview Assets.xcassets"; sourceTree = "<group>"; };
		C651C19027FCDF6100643439 /* SpectraToConc.entitlements */ = {isa = PBXFileReference; lastKnownFileType = text.plist.entitlements; path = SpectraToConc.entitlements; sourceTree = "<group>"; };
		C651C19627FCDFA100643439 /* InitialLayoutView.swift */ = {isa = PBXFileReference; lastKnownFileType = sourcecode.swift; path = InitialLayoutView.swift; sourceTree = "<group>"; };
		C651C19C27FF9BFD00643439 /* DataGraph.framework */ = {isa = PBXFileReference; lastKnownFileType = wrapper.framework; name = DataGraph.framework; path = SpectraToConc/DataGraph.framework; sourceTree = "<group>"; };
		C651C1A227FF9EF300643439 /* SpectraToConc-Bridging-Header.h */ = {isa = PBXFileReference; fileEncoding = 4; lastKnownFileType = sourcecode.c.h; path = "SpectraToConc-Bridging-Header.h"; sourceTree = "<group>"; };
		C651C1A427FFD13300643439 /* DataModel.swift */ = {isa = PBXFileReference; fileEncoding = 4; lastKnownFileType = sourcecode.swift; path = DataModel.swift; sourceTree = "<group>"; };
		C651C1A527FFD13300643439 /* GraphController.swift */ = {isa = PBXFileReference; fileEncoding = 4; lastKnownFileType = sourcecode.swift; path = GraphController.swift; sourceTree = "<group>"; };
		C651C1A627FFD13300643439 /* GraphView.swift */ = {isa = PBXFileReference; fileEncoding = 4; lastKnownFileType = sourcecode.swift; path = GraphView.swift; sourceTree = "<group>"; };
		C651C1A727FFD13300643439 /* GraphViewRepresentable.swift */ = {isa = PBXFileReference; fileEncoding = 4; lastKnownFileType = sourcecode.swift; path = GraphViewRepresentable.swift; sourceTree = "<group>"; };
		C651C1A827FFD13300643439 /* Basic Script.dgraph */ = {isa = PBXFileReference; lastKnownFileType = wrapper; path = "Basic Script.dgraph"; sourceTree = "<group>"; };
		C69240022804F0C000B94B16 /* Parser.swift */ = {isa = PBXFileReference; lastKnownFileType = sourcecode.swift; path = Parser.swift; sourceTree = "<group>"; };
		C6924004280529F100B94B16 /* DropFileView.swift */ = {isa = PBXFileReference; fileEncoding = 4; lastKnownFileType = sourcecode.swift; path = DropFileView.swift; sourceTree = "<group>"; };
		C692400728052BD100B94B16 /* ViewModel.swift */ = {isa = PBXFileReference; lastKnownFileType = sourcecode.swift; path = ViewModel.swift; sourceTree = "<group>"; };
		C692402A280632EF00B94B16 /* SpectraData.swift */ = {isa = PBXFileReference; lastKnownFileType = sourcecode.swift; path = SpectraData.swift; sourceTree = "<group>"; };
		C6924091280E73B300B94B16 /* BasicABS.dgraph */ = {isa = PBXFileReference; lastKnownFileType = wrapper; path = BasicABS.dgraph; sourceTree = "<group>"; };
		C6E3BBCE2817087300602D6E /* CalDropFileView.swift */ = {isa = PBXFileReference; lastKnownFileType = sourcecode.swift; path = CalDropFileView.swift; sourceTree = "<group>"; };
		C6E3BBD52818FE3B00602D6E /* MaxABSvsConc.dgraph */ = {isa = PBXFileReference; lastKnownFileType = wrapper; path = MaxABSvsConc.dgraph; sourceTree = "<group>"; };
		C6E3BBD72818FE7800602D6E /* ConcGraphController.swift */ = {isa = PBXFileReference; lastKnownFileType = sourcecode.swift; path = ConcGraphController.swift; sourceTree = "<group>"; };
		C6E3BBD92819022200602D6E /* ConcGraphViewRepresentable.swift */ = {isa = PBXFileReference; lastKnownFileType = sourcecode.swift; path = ConcGraphViewRepresentable.swift; sourceTree = "<group>"; };
		C6E3BBDB281902E700602D6E /* ConcGraphView.swift */ = {isa = PBXFileReference; lastKnownFileType = sourcecode.swift; path = ConcGraphView.swift; sourceTree = "<group>"; };
		C6E3BBE72819D1DD00602D6E /* UnkGraphController.swift */ = {isa = PBXFileReference; fileEncoding = 4; lastKnownFileType = sourcecode.swift; path = UnkGraphController.swift; sourceTree = "<group>"; };
		C6E3BBE82819D1DD00602D6E /* UnkGraphView.swift */ = {isa = PBXFileReference; fileEncoding = 4; lastKnownFileType = sourcecode.swift; path = UnkGraphView.swift; sourceTree = "<group>"; };
		C6E3BBE92819D1DE00602D6E /* UnkGraphViewRepresentable.swift */ = {isa = PBXFileReference; fileEncoding = 4; lastKnownFileType = sourcecode.swift; path = UnkGraphViewRepresentable.swift; sourceTree = "<group>"; };
		C6E3BBED281A43EF00602D6E /* UnkABS.dgraph */ = {isa = PBXFileReference; lastKnownFileType = wrapper; path = UnkABS.dgraph; sourceTree = "<group>"; };
/* End PBXFileReference section */

/* Begin PBXFrameworksBuildPhase section */
		C651C18127FCDF5F00643439 /* Frameworks */ = {
			isa = PBXFrameworksBuildPhase;
			buildActionMask = 2147483647;
			files = (
				C651C19D27FF9BFD00643439 /* DataGraph.framework in Frameworks */,
			);
			runOnlyForDeploymentPostprocessing = 0;
		};
/* End PBXFrameworksBuildPhase section */

/* Begin PBXGroup section */
		C651C17B27FCDF5F00643439 = {
			isa = PBXGroup;
			children = (
				C651C18627FCDF5F00643439 /* SpectraToConc */,
				C651C18527FCDF5F00643439 /* Products */,
				C651C19B27FF9BFD00643439 /* Frameworks */,
			);
			sourceTree = "<group>";
		};
		C651C18527FCDF5F00643439 /* Products */ = {
			isa = PBXGroup;
			children = (
				C651C18427FCDF5F00643439 /* SpectraToConc.app */,
			);
			name = Products;
			sourceTree = "<group>";
		};
		C651C18627FCDF5F00643439 /* SpectraToConc */ = {
			isa = PBXGroup;
			children = (
				C651C18727FCDF5F00643439 /* SpectraToConcApp.swift */,
				C692400728052BD100B94B16 /* ViewModel.swift */,
				C692400628052BA800B94B16 /* Views */,
				C69240012804F0A100B94B16 /* Data Model */,
				C651C1A327FFD13300643439 /* DataGraph Test Views */,
				C651C1A227FF9EF300643439 /* SpectraToConc-Bridging-Header.h */,
				C651C18B27FCDF6100643439 /* Assets.xcassets */,
				C651C19027FCDF6100643439 /* SpectraToConc.entitlements */,
				C651C18D27FCDF6100643439 /* Preview Content */,
			);
			path = SpectraToConc;
			sourceTree = "<group>";
		};
		C651C18D27FCDF6100643439 /* Preview Content */ = {
			isa = PBXGroup;
			children = (
				C651C18E27FCDF6100643439 /* Preview Assets.xcassets */,
			);
			path = "Preview Content";
			sourceTree = "<group>";
		};
		C651C19B27FF9BFD00643439 /* Frameworks */ = {
			isa = PBXGroup;
			children = (
				C651C19C27FF9BFD00643439 /* DataGraph.framework */,
			);
			name = Frameworks;
			sourceTree = "<group>";
		};
		C651C1A327FFD13300643439 /* DataGraph Test Views */ = {
			isa = PBXGroup;
			children = (
				C651C1A427FFD13300643439 /* DataModel.swift */,
				C6E3BBE62819CFE200602D6E /* unkABSgraph */,
				C6E3BBE42819CFBC00602D6E /* CalibrationABSgraph */,
				C6E3BBE52819CFCF00602D6E /* CalibrationConcGraph */,
				C651C1A827FFD13300643439 /* Basic Script.dgraph */,
				C6924091280E73B300B94B16 /* BasicABS.dgraph */,
				C6E3BBD52818FE3B00602D6E /* MaxABSvsConc.dgraph */,
				C6E3BBED281A43EF00602D6E /* UnkABS.dgraph */,
			);
			path = "DataGraph Test Views";
			sourceTree = "<group>";
		};
		C69240012804F0A100B94B16 /* Data Model */ = {
			isa = PBXGroup;
			children = (
				C69240022804F0C000B94B16 /* Parser.swift */,
				C692402A280632EF00B94B16 /* SpectraData.swift */,
			);
			path = "Data Model";
			sourceTree = "<group>";
		};
		C692400628052BA800B94B16 /* Views */ = {
			isa = PBXGroup;
			children = (
				C651C18927FCDF5F00643439 /* ContentView.swift */,
				C6924004280529F100B94B16 /* DropFileView.swift */,
				C6E3BBCE2817087300602D6E /* CalDropFileView.swift */,
				C651C19627FCDFA100643439 /* InitialLayoutView.swift */,
			);
			path = Views;
			sourceTree = "<group>";
		};
		C6E3BBE42819CFBC00602D6E /* CalibrationABSgraph */ = {
			isa = PBXGroup;
			children = (
				C651C1A527FFD13300643439 /* GraphController.swift */,
				C651C1A627FFD13300643439 /* GraphView.swift */,
				C651C1A727FFD13300643439 /* GraphViewRepresentable.swift */,
			);
			path = CalibrationABSgraph;
			sourceTree = "<group>";
		};
		C6E3BBE52819CFCF00602D6E /* CalibrationConcGraph */ = {
			isa = PBXGroup;
			children = (
				C6E3BBD72818FE7800602D6E /* ConcGraphController.swift */,
				C6E3BBDB281902E700602D6E /* ConcGraphView.swift */,
				C6E3BBD92819022200602D6E /* ConcGraphViewRepresentable.swift */,
			);
			path = CalibrationConcGraph;
			sourceTree = "<group>";
		};
		C6E3BBE62819CFE200602D6E /* unkABSgraph */ = {
			isa = PBXGroup;
			children = (
				C6E3BBE92819D1DE00602D6E /* UnkGraphViewRepresentable.swift */,
				C6E3BBE72819D1DD00602D6E /* UnkGraphController.swift */,
				C6E3BBE82819D1DD00602D6E /* UnkGraphView.swift */,
			);
			path = unkABSgraph;
			sourceTree = "<group>";
		};
/* End PBXGroup section */

/* Begin PBXNativeTarget section */
		C651C18327FCDF5F00643439 /* SpectraToConc */ = {
			isa = PBXNativeTarget;
			buildConfigurationList = C651C19327FCDF6100643439 /* Build configuration list for PBXNativeTarget "SpectraToConc" */;
			buildPhases = (
				C651C18027FCDF5F00643439 /* Sources */,
				C651C18127FCDF5F00643439 /* Frameworks */,
				C651C18227FCDF5F00643439 /* Resources */,
				C651C19F27FF9BFD00643439 /* Embed Frameworks */,
			);
			buildRules = (
			);
			dependencies = (
			);
			name = SpectraToConc;
			productName = SpectraToConc;
			productReference = C651C18427FCDF5F00643439 /* SpectraToConc.app */;
			productType = "com.apple.product-type.application";
		};
/* End PBXNativeTarget section */

/* Begin PBXProject section */
		C651C17C27FCDF5F00643439 /* Project object */ = {
			isa = PBXProject;
			attributes = {
				BuildIndependentTargetsInParallel = 1;
				LastSwiftUpdateCheck = 1330;
				LastUpgradeCheck = 1330;
				TargetAttributes = {
					C651C18327FCDF5F00643439 = {
						CreatedOnToolsVersion = 13.3;
					};
				};
			};
			buildConfigurationList = C651C17F27FCDF5F00643439 /* Build configuration list for PBXProject "SpectraToConc" */;
			compatibilityVersion = "Xcode 13.0";
			developmentRegion = en;
			hasScannedForEncodings = 0;
			knownRegions = (
				en,
				Base,
			);
			mainGroup = C651C17B27FCDF5F00643439;
			productRefGroup = C651C18527FCDF5F00643439 /* Products */;
			projectDirPath = "";
			projectRoot = "";
			targets = (
				C651C18327FCDF5F00643439 /* SpectraToConc */,
			);
		};
/* End PBXProject section */

/* Begin PBXResourcesBuildPhase section */
		C651C18227FCDF5F00643439 /* Resources */ = {
			isa = PBXResourcesBuildPhase;
			buildActionMask = 2147483647;
			files = (
				C651C18F27FCDF6100643439 /* Preview Assets.xcassets in Resources */,
				C651C1AD27FFD13300643439 /* Basic Script.dgraph in Resources */,
				C651C18C27FCDF6100643439 /* Assets.xcassets in Resources */,
				C6E3BBEE281A43EF00602D6E /* UnkABS.dgraph in Resources */,
				C6924092280E73B300B94B16 /* BasicABS.dgraph in Resources */,
				C6E3BBD62818FE3C00602D6E /* MaxABSvsConc.dgraph in Resources */,
			);
			runOnlyForDeploymentPostprocessing = 0;
		};
/* End PBXResourcesBuildPhase section */

/* Begin PBXSourcesBuildPhase section */
		C651C18027FCDF5F00643439 /* Sources */ = {
			isa = PBXSourcesBuildPhase;
			buildActionMask = 2147483647;
			files = (
				C6E3BBCF2817087300602D6E /* CalDropFileView.swift in Sources */,
				C6E3BBDC281902E700602D6E /* ConcGraphView.swift in Sources */,
				C692400828052BD100B94B16 /* ViewModel.swift in Sources */,
				C651C19727FCDFA100643439 /* InitialLayoutView.swift in Sources */,
				C6924005280529F200B94B16 /* DropFileView.swift in Sources */,
				C651C1A927FFD13300643439 /* DataModel.swift in Sources */,
				C651C18A27FCDF5F00643439 /* ContentView.swift in Sources */,
				C6E3BBEA2819D1DE00602D6E /* UnkGraphController.swift in Sources */,
				C6E3BBDA2819022200602D6E /* ConcGraphViewRepresentable.swift in Sources */,
				C651C1AA27FFD13300643439 /* GraphController.swift in Sources */,
				C6E3BBEC2819D1DE00602D6E /* UnkGraphViewRepresentable.swift in Sources */,
				C69240032804F0C000B94B16 /* Parser.swift in Sources */,
				C651C18827FCDF5F00643439 /* SpectraToConcApp.swift in Sources */,
				C692402B280632EF00B94B16 /* SpectraData.swift in Sources */,
				C651C1AB27FFD13300643439 /* GraphView.swift in Sources */,
				C6E3BBD82818FE7800602D6E /* ConcGraphController.swift in Sources */,
				C651C1AC27FFD13300643439 /* GraphViewRepresentable.swift in Sources */,
				C6E3BBEB2819D1DE00602D6E /* UnkGraphView.swift in Sources */,
			);
			runOnlyForDeploymentPostprocessing = 0;
		};
/* End PBXSourcesBuildPhase section */

/* Begin XCBuildConfiguration section */
		C651C19127FCDF6100643439 /* Debug */ = {
			isa = XCBuildConfiguration;
			buildSettings = {
				ALWAYS_SEARCH_USER_PATHS = NO;
				ARCHS = x86_64;
				CLANG_ANALYZER_NONNULL = YES;
				CLANG_ANALYZER_NUMBER_OBJECT_CONVERSION = YES_AGGRESSIVE;
				CLANG_CXX_LANGUAGE_STANDARD = "gnu++17";
				CLANG_ENABLE_MODULES = YES;
				CLANG_ENABLE_OBJC_ARC = YES;
				CLANG_ENABLE_OBJC_WEAK = YES;
				CLANG_WARN_BLOCK_CAPTURE_AUTORELEASING = YES;
				CLANG_WARN_BOOL_CONVERSION = YES;
				CLANG_WARN_COMMA = YES;
				CLANG_WARN_CONSTANT_CONVERSION = YES;
				CLANG_WARN_DEPRECATED_OBJC_IMPLEMENTATIONS = YES;
				CLANG_WARN_DIRECT_OBJC_ISA_USAGE = YES_ERROR;
				CLANG_WARN_DOCUMENTATION_COMMENTS = YES;
				CLANG_WARN_EMPTY_BODY = YES;
				CLANG_WARN_ENUM_CONVERSION = YES;
				CLANG_WARN_INFINITE_RECURSION = YES;
				CLANG_WARN_INT_CONVERSION = YES;
				CLANG_WARN_NON_LITERAL_NULL_CONVERSION = YES;
				CLANG_WARN_OBJC_IMPLICIT_RETAIN_SELF = YES;
				CLANG_WARN_OBJC_LITERAL_CONVERSION = YES;
				CLANG_WARN_OBJC_ROOT_CLASS = YES_ERROR;
				CLANG_WARN_QUOTED_INCLUDE_IN_FRAMEWORK_HEADER = YES;
				CLANG_WARN_RANGE_LOOP_ANALYSIS = YES;
				CLANG_WARN_STRICT_PROTOTYPES = YES;
				CLANG_WARN_SUSPICIOUS_MOVE = YES;
				CLANG_WARN_UNGUARDED_AVAILABILITY = YES_AGGRESSIVE;
				CLANG_WARN_UNREACHABLE_CODE = YES;
				CLANG_WARN__DUPLICATE_METHOD_MATCH = YES;
				COPY_PHASE_STRIP = NO;
				DEBUG_INFORMATION_FORMAT = dwarf;
				DEFINES_MODULE = YES;
				ENABLE_STRICT_OBJC_MSGSEND = YES;
				ENABLE_TESTABILITY = YES;
				GCC_C_LANGUAGE_STANDARD = gnu11;
				GCC_DYNAMIC_NO_PIC = NO;
				GCC_NO_COMMON_BLOCKS = YES;
				GCC_OPTIMIZATION_LEVEL = 0;
				GCC_PREPROCESSOR_DEFINITIONS = (
					"DEBUG=1",
					"$(inherited)",
				);
				GCC_WARN_64_TO_32_BIT_CONVERSION = YES;
				GCC_WARN_ABOUT_RETURN_TYPE = YES_ERROR;
				GCC_WARN_UNDECLARED_SELECTOR = YES;
				GCC_WARN_UNINITIALIZED_AUTOS = YES_AGGRESSIVE;
				GCC_WARN_UNUSED_FUNCTION = YES;
				GCC_WARN_UNUSED_VARIABLE = YES;
				MACOSX_DEPLOYMENT_TARGET = 12.1;
				MTL_ENABLE_DEBUG_INFO = INCLUDE_SOURCE;
				MTL_FAST_MATH = YES;
				ONLY_ACTIVE_ARCH = YES;
				SDKROOT = macosx;
				SWIFT_ACTIVE_COMPILATION_CONDITIONS = DEBUG;
				SWIFT_OBJC_BRIDGING_HEADER = "SpectraToConc-Bridging-Header.h";
				SWIFT_OPTIMIZATION_LEVEL = "-Onone";
			};
			name = Debug;
		};
		C651C19227FCDF6100643439 /* Release */ = {
			isa = XCBuildConfiguration;
			buildSettings = {
				ALWAYS_SEARCH_USER_PATHS = NO;
				ARCHS = x86_64;
				CLANG_ANALYZER_NONNULL = YES;
				CLANG_ANALYZER_NUMBER_OBJECT_CONVERSION = YES_AGGRESSIVE;
				CLANG_CXX_LANGUAGE_STANDARD = "gnu++17";
				CLANG_ENABLE_MODULES = YES;
				CLANG_ENABLE_OBJC_ARC = YES;
				CLANG_ENABLE_OBJC_WEAK = YES;
				CLANG_WARN_BLOCK_CAPTURE_AUTORELEASING = YES;
				CLANG_WARN_BOOL_CONVERSION = YES;
				CLANG_WARN_COMMA = YES;
				CLANG_WARN_CONSTANT_CONVERSION = YES;
				CLANG_WARN_DEPRECATED_OBJC_IMPLEMENTATIONS = YES;
				CLANG_WARN_DIRECT_OBJC_ISA_USAGE = YES_ERROR;
				CLANG_WARN_DOCUMENTATION_COMMENTS = YES;
				CLANG_WARN_EMPTY_BODY = YES;
				CLANG_WARN_ENUM_CONVERSION = YES;
				CLANG_WARN_INFINITE_RECURSION = YES;
				CLANG_WARN_INT_CONVERSION = YES;
				CLANG_WARN_NON_LITERAL_NULL_CONVERSION = YES;
				CLANG_WARN_OBJC_IMPLICIT_RETAIN_SELF = YES;
				CLANG_WARN_OBJC_LITERAL_CONVERSION = YES;
				CLANG_WARN_OBJC_ROOT_CLASS = YES_ERROR;
				CLANG_WARN_QUOTED_INCLUDE_IN_FRAMEWORK_HEADER = YES;
				CLANG_WARN_RANGE_LOOP_ANALYSIS = YES;
				CLANG_WARN_STRICT_PROTOTYPES = YES;
				CLANG_WARN_SUSPICIOUS_MOVE = YES;
				CLANG_WARN_UNGUARDED_AVAILABILITY = YES_AGGRESSIVE;
				CLANG_WARN_UNREACHABLE_CODE = YES;
				CLANG_WARN__DUPLICATE_METHOD_MATCH = YES;
				COPY_PHASE_STRIP = NO;
				DEBUG_INFORMATION_FORMAT = "dwarf-with-dsym";
				DEFINES_MODULE = YES;
				ENABLE_NS_ASSERTIONS = NO;
				ENABLE_STRICT_OBJC_MSGSEND = YES;
				GCC_C_LANGUAGE_STANDARD = gnu11;
				GCC_NO_COMMON_BLOCKS = YES;
				GCC_WARN_64_TO_32_BIT_CONVERSION = YES;
				GCC_WARN_ABOUT_RETURN_TYPE = YES_ERROR;
				GCC_WARN_UNDECLARED_SELECTOR = YES;
				GCC_WARN_UNINITIALIZED_AUTOS = YES_AGGRESSIVE;
				GCC_WARN_UNUSED_FUNCTION = YES;
				GCC_WARN_UNUSED_VARIABLE = YES;
				MACOSX_DEPLOYMENT_TARGET = 12.1;
				MTL_ENABLE_DEBUG_INFO = NO;
				MTL_FAST_MATH = YES;
				SDKROOT = macosx;
				SWIFT_COMPILATION_MODE = wholemodule;
				SWIFT_OBJC_BRIDGING_HEADER = "SpectraToConc-Bridging-Header.h";
				SWIFT_OPTIMIZATION_LEVEL = "-O";
			};
			name = Release;
		};
		C651C19427FCDF6100643439 /* Debug */ = {
			isa = XCBuildConfiguration;
			buildSettings = {
				ASSETCATALOG_COMPILER_APPICON_NAME = AppIcon;
				ASSETCATALOG_COMPILER_GLOBAL_ACCENT_COLOR_NAME = AccentColor;
				CODE_SIGN_ENTITLEMENTS = SpectraToConc/SpectraToConc.entitlements;
				CODE_SIGN_STYLE = Automatic;
				COMBINE_HIDPI_IMAGES = YES;
				CURRENT_PROJECT_VERSION = 1;
				DEVELOPMENT_ASSET_PATHS = "\"SpectraToConc/Preview Content\"";
				ENABLE_PREVIEWS = YES;
				FRAMEWORK_SEARCH_PATHS = (
					"$(inherited)",
					"$(PROJECT_DIR)/SpectraToConc",
				);
				GENERATE_INFOPLIST_FILE = YES;
				INFOPLIST_KEY_NSHumanReadableCopyright = "";
				LD_RUNPATH_SEARCH_PATHS = (
					"$(inherited)",
					"@executable_path/../Frameworks",
				);
				MARKETING_VERSION = 1.0;
				PRODUCT_BUNDLE_IDENTIFIER = com.CM.SpectraToConc;
				PRODUCT_NAME = "$(TARGET_NAME)";
				SWIFT_EMIT_LOC_STRINGS = YES;
				SWIFT_OBJC_BRIDGING_HEADER = "SpectraToConc/SpectraToConc-Bridging-Header.h";
				SWIFT_PRECOMPILE_BRIDGING_HEADER = YES;
				SWIFT_VERSION = 5.0;
			};
			name = Debug;
		};
		C651C19527FCDF6100643439 /* Release */ = {
			isa = XCBuildConfiguration;
			buildSettings = {
				ASSETCATALOG_COMPILER_APPICON_NAME = AppIcon;
				ASSETCATALOG_COMPILER_GLOBAL_ACCENT_COLOR_NAME = AccentColor;
				CODE_SIGN_ENTITLEMENTS = SpectraToConc/SpectraToConc.entitlements;
				CODE_SIGN_STYLE = Automatic;
				COMBINE_HIDPI_IMAGES = YES;
				CURRENT_PROJECT_VERSION = 1;
				DEVELOPMENT_ASSET_PATHS = "\"SpectraToConc/Preview Content\"";
				ENABLE_PREVIEWS = YES;
				FRAMEWORK_SEARCH_PATHS = (
					"$(inherited)",
					"$(PROJECT_DIR)/SpectraToConc",
				);
				GENERATE_INFOPLIST_FILE = YES;
				INFOPLIST_KEY_NSHumanReadableCopyright = "";
				LD_RUNPATH_SEARCH_PATHS = (
					"$(inherited)",
					"@executable_path/../Frameworks",
				);
				MARKETING_VERSION = 1.0;
				PRODUCT_BUNDLE_IDENTIFIER = com.CM.SpectraToConc;
				PRODUCT_NAME = "$(TARGET_NAME)";
				SWIFT_EMIT_LOC_STRINGS = YES;
				SWIFT_OBJC_BRIDGING_HEADER = "SpectraToConc/SpectraToConc-Bridging-Header.h";
				SWIFT_PRECOMPILE_BRIDGING_HEADER = YES;
				SWIFT_VERSION = 5.0;
			};
			name = Release;
		};
/* End XCBuildConfiguration section */

/* Begin XCConfigurationList section */
		C651C17F27FCDF5F00643439 /* Build configuration list for PBXProject "SpectraToConc" */ = {
			isa = XCConfigurationList;
			buildConfigurations = (
				C651C19127FCDF6100643439 /* Debug */,
				C651C19227FCDF6100643439 /* Release */,
			);
			defaultConfigurationIsVisible = 0;
			defaultConfigurationName = Release;
		};
		C651C19327FCDF6100643439 /* Build configuration list for PBXNativeTarget "SpectraToConc" */ = {
			isa = XCConfigurationList;
			buildConfigurations = (
				C651C19427FCDF6100643439 /* Debug */,
				C651C19527FCDF6100643439 /* Release */,
			);
			defaultConfigurationIsVisible = 0;
			defaultConfigurationName = Release;
		};
/* End XCConfigurationList section */
	};
	rootObject = C651C17C27FCDF5F00643439 /* Project object */;
}
